// !$*UTF8*$!
{
	archiveVersion = 1;
	classes = {
	};
	objectVersion = 56;
	objects = {

/* Begin PBXBuildFile section */
		F6AFC4F42902DA0800CB6134 /* XComicsApp.swift in Sources */ = {isa = PBXBuildFile; fileRef = F6AFC4F32902DA0800CB6134 /* XComicsApp.swift */; };
		F6AFC4F62902DA0800CB6134 /* ContentView.swift in Sources */ = {isa = PBXBuildFile; fileRef = F6AFC4F52902DA0800CB6134 /* ContentView.swift */; };
		F6AFC4F82902DA0900CB6134 /* Assets.xcassets in Resources */ = {isa = PBXBuildFile; fileRef = F6AFC4F72902DA0900CB6134 /* Assets.xcassets */; };
		F6AFC4FB2902DA0900CB6134 /* Preview Assets.xcassets in Resources */ = {isa = PBXBuildFile; fileRef = F6AFC4FA2902DA0900CB6134 /* Preview Assets.xcassets */; };
		F6AFC5032902DF6600CB6134 /* allComics.json in Resources */ = {isa = PBXBuildFile; fileRef = F6AFC5022902DF6600CB6134 /* allComics.json */; };
		F6AFC5062902E2A600CB6134 /* Comic.swift in Sources */ = {isa = PBXBuildFile; fileRef = F6AFC5052902E2A600CB6134 /* Comic.swift */; };
		F6AFC5092902E5C000CB6134 /* Preview.Comic.swift in Sources */ = {isa = PBXBuildFile; fileRef = F6AFC5082902E5C000CB6134 /* Preview.Comic.swift */; };
		F6AFC50C2902E69C00CB6134 /* Bundle+decode.swift in Sources */ = {isa = PBXBuildFile; fileRef = F6AFC50B2902E69C00CB6134 /* Bundle+decode.swift */; };
		F6AFC5102902E7FE00CB6134 /* ComicsViewModel.swift in Sources */ = {isa = PBXBuildFile; fileRef = F6AFC50F2902E7FE00CB6134 /* ComicsViewModel.swift */; };
		F6AFC5132902EE2F00CB6134 /* ImageLoader.swift in Sources */ = {isa = PBXBuildFile; fileRef = F6AFC5122902EE2F00CB6134 /* ImageLoader.swift */; };
		F6AFC5152902F06400CB6134 /* EnvironmentValues+ImageLoaderKey.swift in Sources */ = {isa = PBXBuildFile; fileRef = F6AFC5142902F06400CB6134 /* EnvironmentValues+ImageLoaderKey.swift */; };
		F6F600452903A61C0057357F /* ApiClient.swift in Sources */ = {isa = PBXBuildFile; fileRef = F6F600442903A61C0057357F /* ApiClient.swift */; };
		F6F600472903A65E0057357F /* ApiRequest.swift in Sources */ = {isa = PBXBuildFile; fileRef = F6F600462903A65E0057357F /* ApiRequest.swift */; };
		F6F600492903AA970057357F /* AppError.swift in Sources */ = {isa = PBXBuildFile; fileRef = F6F600482903AA970057357F /* AppError.swift */; };
		F6F6004B2903B5F90057357F /* README.md in Resources */ = {isa = PBXBuildFile; fileRef = F6F6004A2903B5F90057357F /* README.md */; };
/* End PBXBuildFile section */

/* Begin PBXFileReference section */
		F6AFC4F02902DA0800CB6134 /* XComics.app */ = {isa = PBXFileReference; explicitFileType = wrapper.application; includeInIndex = 0; path = XComics.app; sourceTree = BUILT_PRODUCTS_DIR; };
		F6AFC4F32902DA0800CB6134 /* XComicsApp.swift */ = {isa = PBXFileReference; lastKnownFileType = sourcecode.swift; path = XComicsApp.swift; sourceTree = "<group>"; };
		F6AFC4F52902DA0800CB6134 /* ContentView.swift */ = {isa = PBXFileReference; lastKnownFileType = sourcecode.swift; path = ContentView.swift; sourceTree = "<group>"; };
		F6AFC4F72902DA0900CB6134 /* Assets.xcassets */ = {isa = PBXFileReference; lastKnownFileType = folder.assetcatalog; path = Assets.xcassets; sourceTree = "<group>"; };
		F6AFC4FA2902DA0900CB6134 /* Preview Assets.xcassets */ = {isa = PBXFileReference; lastKnownFileType = folder.assetcatalog; path = "Preview Assets.xcassets"; sourceTree = "<group>"; };
		F6AFC5022902DF6600CB6134 /* allComics.json */ = {isa = PBXFileReference; lastKnownFileType = text.json; path = allComics.json; sourceTree = "<group>"; };
		F6AFC5052902E2A600CB6134 /* Comic.swift */ = {isa = PBXFileReference; lastKnownFileType = sourcecode.swift; path = Comic.swift; sourceTree = "<group>"; };
		F6AFC5082902E5C000CB6134 /* Preview.Comic.swift */ = {isa = PBXFileReference; lastKnownFileType = sourcecode.swift; path = Preview.Comic.swift; sourceTree = "<group>"; };
		F6AFC50B2902E69C00CB6134 /* Bundle+decode.swift */ = {isa = PBXFileReference; lastKnownFileType = sourcecode.swift; path = "Bundle+decode.swift"; sourceTree = "<group>"; };
		F6AFC50F2902E7FE00CB6134 /* ComicsViewModel.swift */ = {isa = PBXFileReference; lastKnownFileType = sourcecode.swift; path = ComicsViewModel.swift; sourceTree = "<group>"; };
		F6AFC5122902EE2F00CB6134 /* ImageLoader.swift */ = {isa = PBXFileReference; lastKnownFileType = sourcecode.swift; path = ImageLoader.swift; sourceTree = "<group>"; };
		F6AFC5142902F06400CB6134 /* EnvironmentValues+ImageLoaderKey.swift */ = {isa = PBXFileReference; lastKnownFileType = sourcecode.swift; path = "EnvironmentValues+ImageLoaderKey.swift"; sourceTree = "<group>"; };
		F6F600442903A61C0057357F /* ApiClient.swift */ = {isa = PBXFileReference; lastKnownFileType = sourcecode.swift; path = ApiClient.swift; sourceTree = "<group>"; };
		F6F600462903A65E0057357F /* ApiRequest.swift */ = {isa = PBXFileReference; lastKnownFileType = sourcecode.swift; path = ApiRequest.swift; sourceTree = "<group>"; };
		F6F600482903AA970057357F /* AppError.swift */ = {isa = PBXFileReference; lastKnownFileType = sourcecode.swift; path = AppError.swift; sourceTree = "<group>"; };
		F6F6004A2903B5F90057357F /* README.md */ = {isa = PBXFileReference; fileEncoding = 4; lastKnownFileType = net.daringfireball.markdown; path = README.md; sourceTree = "<group>"; };
/* End PBXFileReference section */

/* Begin PBXFrameworksBuildPhase section */
		F6AFC4ED2902DA0800CB6134 /* Frameworks */ = {
			isa = PBXFrameworksBuildPhase;
			buildActionMask = 2147483647;
			files = (
			);
			runOnlyForDeploymentPostprocessing = 0;
		};
/* End PBXFrameworksBuildPhase section */

/* Begin PBXGroup section */
		F6AFC4E72902DA0800CB6134 = {
			isa = PBXGroup;
			children = (
				F6F6004A2903B5F90057357F /* README.md */,
				F6AFC4F22902DA0800CB6134 /* XComics */,
				F6AFC4F12902DA0800CB6134 /* Products */,
			);
			sourceTree = "<group>";
		};
		F6AFC4F12902DA0800CB6134 /* Products */ = {
			isa = PBXGroup;
			children = (
				F6AFC4F02902DA0800CB6134 /* XComics.app */,
			);
			name = Products;
			sourceTree = "<group>";
		};
		F6AFC4F22902DA0800CB6134 /* XComics */ = {
			isa = PBXGroup;
			children = (
				F6AFC5112902EE1B00CB6134 /* Network */,
				F6AFC50E2902E78100CB6134 /* Views */,
				F6AFC5042902E28E00CB6134 /* Models */,
				F6AFC50D2902E75F00CB6134 /* ViewModels */,
				F6AFC50A2902E68900CB6134 /* Extensions */,
				F6AFC5072902E5A100CB6134 /* Previews */,
				F6AFC5012902DF3600CB6134 /* Resources */,
				F6AFC4F32902DA0800CB6134 /* XComicsApp.swift */,
				F6AFC4F72902DA0900CB6134 /* Assets.xcassets */,
				F6AFC4F92902DA0900CB6134 /* Preview Content */,
			);
			path = XComics;
			sourceTree = "<group>";
		};
		F6AFC4F92902DA0900CB6134 /* Preview Content */ = {
			isa = PBXGroup;
			children = (
				F6AFC4FA2902DA0900CB6134 /* Preview Assets.xcassets */,
			);
			path = "Preview Content";
			sourceTree = "<group>";
		};
		F6AFC5012902DF3600CB6134 /* Resources */ = {
			isa = PBXGroup;
			children = (
				F6AFC5022902DF6600CB6134 /* allComics.json */,
			);
			path = Resources;
			sourceTree = "<group>";
		};
		F6AFC5042902E28E00CB6134 /* Models */ = {
			isa = PBXGroup;
			children = (
				F6AFC5052902E2A600CB6134 /* Comic.swift */,
			);
			path = Models;
			sourceTree = "<group>";
		};
		F6AFC5072902E5A100CB6134 /* Previews */ = {
			isa = PBXGroup;
			children = (
				F6AFC5082902E5C000CB6134 /* Preview.Comic.swift */,
			);
			path = Previews;
			sourceTree = "<group>";
		};
		F6AFC50A2902E68900CB6134 /* Extensions */ = {
			isa = PBXGroup;
			children = (
				F6AFC50B2902E69C00CB6134 /* Bundle+decode.swift */,
				F6AFC5142902F06400CB6134 /* EnvironmentValues+ImageLoaderKey.swift */,
			);
			path = Extensions;
			sourceTree = "<group>";
		};
		F6AFC50D2902E75F00CB6134 /* ViewModels */ = {
			isa = PBXGroup;
			children = (
				F6AFC50F2902E7FE00CB6134 /* ComicsViewModel.swift */,
			);
			path = ViewModels;
			sourceTree = "<group>";
		};
		F6AFC50E2902E78100CB6134 /* Views */ = {
			isa = PBXGroup;
			children = (
				F6AFC4F52902DA0800CB6134 /* ContentView.swift */,
			);
			path = Views;
			sourceTree = "<group>";
		};
		F6AFC5112902EE1B00CB6134 /* Network */ = {
			isa = PBXGroup;
			children = (
				F6AFC5122902EE2F00CB6134 /* ImageLoader.swift */,
				F6F600442903A61C0057357F /* ApiClient.swift */,
				F6F600462903A65E0057357F /* ApiRequest.swift */,
				F6F600482903AA970057357F /* AppError.swift */,
			);
			path = Network;
			sourceTree = "<group>";
		};
/* End PBXGroup section */

/* Begin PBXNativeTarget section */
		F6AFC4EF2902DA0800CB6134 /* XComics */ = {
			isa = PBXNativeTarget;
			buildConfigurationList = F6AFC4FE2902DA0900CB6134 /* Build configuration list for PBXNativeTarget "XComics" */;
			buildPhases = (
				F6AFC4EC2902DA0800CB6134 /* Sources */,
				F6AFC4ED2902DA0800CB6134 /* Frameworks */,
				F6AFC4EE2902DA0800CB6134 /* Resources */,
			);
			buildRules = (
			);
			dependencies = (
			);
			name = XComics;
			productName = XComics;
			productReference = F6AFC4F02902DA0800CB6134 /* XComics.app */;
			productType = "com.apple.product-type.application";
		};
/* End PBXNativeTarget section */

/* Begin PBXProject section */
		F6AFC4E82902DA0800CB6134 /* Project object */ = {
			isa = PBXProject;
			attributes = {
				BuildIndependentTargetsInParallel = 1;
				LastSwiftUpdateCheck = 1410;
				LastUpgradeCheck = 1410;
				TargetAttributes = {
					F6AFC4EF2902DA0800CB6134 = {
						CreatedOnToolsVersion = 14.1;
					};
				};
			};
			buildConfigurationList = F6AFC4EB2902DA0800CB6134 /* Build configuration list for PBXProject "XComics" */;
			compatibilityVersion = "Xcode 14.0";
			developmentRegion = en;
			hasScannedForEncodings = 0;
			knownRegions = (
				en,
				Base,
			);
			mainGroup = F6AFC4E72902DA0800CB6134;
			productRefGroup = F6AFC4F12902DA0800CB6134 /* Products */;
			projectDirPath = "";
			projectRoot = "";
			targets = (
				F6AFC4EF2902DA0800CB6134 /* XComics */,
			);
		};
/* End PBXProject section */

/* Begin PBXResourcesBuildPhase section */
		F6AFC4EE2902DA0800CB6134 /* Resources */ = {
			isa = PBXResourcesBuildPhase;
			buildActionMask = 2147483647;
			files = (
				F6AFC5032902DF6600CB6134 /* allComics.json in Resources */,
				F6AFC4FB2902DA0900CB6134 /* Preview Assets.xcassets in Resources */,
				F6F6004B2903B5F90057357F /* README.md in Resources */,
				F6AFC4F82902DA0900CB6134 /* Assets.xcassets in Resources */,
			);
			runOnlyForDeploymentPostprocessing = 0;
		};
/* End PBXResourcesBuildPhase section */

/* Begin PBXSourcesBuildPhase section */
		F6AFC4EC2902DA0800CB6134 /* Sources */ = {
			isa = PBXSourcesBuildPhase;
			buildActionMask = 2147483647;
			files = (
				F6AFC5132902EE2F00CB6134 /* ImageLoader.swift in Sources */,
				F6AFC5102902E7FE00CB6134 /* ComicsViewModel.swift in Sources */,
				F6F600452903A61C0057357F /* ApiClient.swift in Sources */,
				F6AFC4F62902DA0800CB6134 /* ContentView.swift in Sources */,
				F6AFC5092902E5C000CB6134 /* Preview.Comic.swift in Sources */,
				F6AFC5152902F06400CB6134 /* EnvironmentValues+ImageLoaderKey.swift in Sources */,
				F6AFC50C2902E69C00CB6134 /* Bundle+decode.swift in Sources */,
				F6AFC5062902E2A600CB6134 /* Comic.swift in Sources */,
				F6F600492903AA970057357F /* AppError.swift in Sources */,
				F6F600472903A65E0057357F /* ApiRequest.swift in Sources */,
				F6AFC4F42902DA0800CB6134 /* XComicsApp.swift in Sources */,
			);
			runOnlyForDeploymentPostprocessing = 0;
		};
/* End PBXSourcesBuildPhase section */

/* Begin XCBuildConfiguration section */
		F6AFC4FC2902DA0900CB6134 /* Debug */ = {
			isa = XCBuildConfiguration;
			buildSettings = {
				ALWAYS_SEARCH_USER_PATHS = NO;
				CLANG_ANALYZER_NONNULL = YES;
				CLANG_ANALYZER_NUMBER_OBJECT_CONVERSION = YES_AGGRESSIVE;
				CLANG_CXX_LANGUAGE_STANDARD = "gnu++20";
				CLANG_ENABLE_MODULES = YES;
				CLANG_ENABLE_OBJC_ARC = YES;
				CLANG_ENABLE_OBJC_WEAK = YES;
				CLANG_WARN_BLOCK_CAPTURE_AUTORELEASING = YES;
				CLANG_WARN_BOOL_CONVERSION = YES;
				CLANG_WARN_COMMA = YES;
				CLANG_WARN_CONSTANT_CONVERSION = YES;
				CLANG_WARN_DEPRECATED_OBJC_IMPLEMENTATIONS = YES;
				CLANG_WARN_DIRECT_OBJC_ISA_USAGE = YES_ERROR;
				CLANG_WARN_DOCUMENTATION_COMMENTS = YES;
				CLANG_WARN_EMPTY_BODY = YES;
				CLANG_WARN_ENUM_CONVERSION = YES;
				CLANG_WARN_INFINITE_RECURSION = YES;
				CLANG_WARN_INT_CONVERSION = YES;
				CLANG_WARN_NON_LITERAL_NULL_CONVERSION = YES;
				CLANG_WARN_OBJC_IMPLICIT_RETAIN_SELF = YES;
				CLANG_WARN_OBJC_LITERAL_CONVERSION = YES;
				CLANG_WARN_OBJC_ROOT_CLASS = YES_ERROR;
				CLANG_WARN_QUOTED_INCLUDE_IN_FRAMEWORK_HEADER = YES;
				CLANG_WARN_RANGE_LOOP_ANALYSIS = YES;
				CLANG_WARN_STRICT_PROTOTYPES = YES;
				CLANG_WARN_SUSPICIOUS_MOVE = YES;
				CLANG_WARN_UNGUARDED_AVAILABILITY = YES_AGGRESSIVE;
				CLANG_WARN_UNREACHABLE_CODE = YES;
				CLANG_WARN__DUPLICATE_METHOD_MATCH = YES;
				COPY_PHASE_STRIP = NO;
				DEBUG_INFORMATION_FORMAT = dwarf;
				ENABLE_STRICT_OBJC_MSGSEND = YES;
				ENABLE_TESTABILITY = YES;
				GCC_C_LANGUAGE_STANDARD = gnu11;
				GCC_DYNAMIC_NO_PIC = NO;
				GCC_NO_COMMON_BLOCKS = YES;
				GCC_OPTIMIZATION_LEVEL = 0;
				GCC_PREPROCESSOR_DEFINITIONS = (
					"DEBUG=1",
					"$(inherited)",
				);
				GCC_WARN_64_TO_32_BIT_CONVERSION = YES;
				GCC_WARN_ABOUT_RETURN_TYPE = YES_ERROR;
				GCC_WARN_UNDECLARED_SELECTOR = YES;
				GCC_WARN_UNINITIALIZED_AUTOS = YES_AGGRESSIVE;
				GCC_WARN_UNUSED_FUNCTION = YES;
				GCC_WARN_UNUSED_VARIABLE = YES;
				IPHONEOS_DEPLOYMENT_TARGET = 16.1;
				MTL_ENABLE_DEBUG_INFO = INCLUDE_SOURCE;
				MTL_FAST_MATH = YES;
				ONLY_ACTIVE_ARCH = YES;
				SDKROOT = iphoneos;
				SWIFT_ACTIVE_COMPILATION_CONDITIONS = DEBUG;
				SWIFT_OPTIMIZATION_LEVEL = "-Onone";
			};
			name = Debug;
		};
		F6AFC4FD2902DA0900CB6134 /* Release */ = {
			isa = XCBuildConfiguration;
			buildSettings = {
				ALWAYS_SEARCH_USER_PATHS = NO;
				CLANG_ANALYZER_NONNULL = YES;
				CLANG_ANALYZER_NUMBER_OBJECT_CONVERSION = YES_AGGRESSIVE;
				CLANG_CXX_LANGUAGE_STANDARD = "gnu++20";
				CLANG_ENABLE_MODULES = YES;
				CLANG_ENABLE_OBJC_ARC = YES;
				CLANG_ENABLE_OBJC_WEAK = YES;
				CLANG_WARN_BLOCK_CAPTURE_AUTORELEASING = YES;
				CLANG_WARN_BOOL_CONVERSION = YES;
				CLANG_WARN_COMMA = YES;
				CLANG_WARN_CONSTANT_CONVERSION = YES;
				CLANG_WARN_DEPRECATED_OBJC_IMPLEMENTATIONS = YES;
				CLANG_WARN_DIRECT_OBJC_ISA_USAGE = YES_ERROR;
				CLANG_WARN_DOCUMENTATION_COMMENTS = YES;
				CLANG_WARN_EMPTY_BODY = YES;
				CLANG_WARN_ENUM_CONVERSION = YES;
				CLANG_WARN_INFINITE_RECURSION = YES;
				CLANG_WARN_INT_CONVERSION = YES;
				CLANG_WARN_NON_LITERAL_NULL_CONVERSION = YES;
				CLANG_WARN_OBJC_IMPLICIT_RETAIN_SELF = YES;
				CLANG_WARN_OBJC_LITERAL_CONVERSION = YES;
				CLANG_WARN_OBJC_ROOT_CLASS = YES_ERROR;
				CLANG_WARN_QUOTED_INCLUDE_IN_FRAMEWORK_HEADER = YES;
				CLANG_WARN_RANGE_LOOP_ANALYSIS = YES;
				CLANG_WARN_STRICT_PROTOTYPES = YES;
				CLANG_WARN_SUSPICIOUS_MOVE = YES;
				CLANG_WARN_UNGUARDED_AVAILABILITY = YES_AGGRESSIVE;
				CLANG_WARN_UNREACHABLE_CODE = YES;
				CLANG_WARN__DUPLICATE_METHOD_MATCH = YES;
				COPY_PHASE_STRIP = NO;
				DEBUG_INFORMATION_FORMAT = "dwarf-with-dsym";
				ENABLE_NS_ASSERTIONS = NO;
				ENABLE_STRICT_OBJC_MSGSEND = YES;
				GCC_C_LANGUAGE_STANDARD = gnu11;
				GCC_NO_COMMON_BLOCKS = YES;
				GCC_WARN_64_TO_32_BIT_CONVERSION = YES;
				GCC_WARN_ABOUT_RETURN_TYPE = YES_ERROR;
				GCC_WARN_UNDECLARED_SELECTOR = YES;
				GCC_WARN_UNINITIALIZED_AUTOS = YES_AGGRESSIVE;
				GCC_WARN_UNUSED_FUNCTION = YES;
				GCC_WARN_UNUSED_VARIABLE = YES;
				IPHONEOS_DEPLOYMENT_TARGET = 16.1;
				MTL_ENABLE_DEBUG_INFO = NO;
				MTL_FAST_MATH = YES;
				SDKROOT = iphoneos;
				SWIFT_COMPILATION_MODE = wholemodule;
				SWIFT_OPTIMIZATION_LEVEL = "-O";
				VALIDATE_PRODUCT = YES;
			};
			name = Release;
		};
		F6AFC4FF2902DA0900CB6134 /* Debug */ = {
			isa = XCBuildConfiguration;
			buildSettings = {
				ASSETCATALOG_COMPILER_APPICON_NAME = AppIcon;
				ASSETCATALOG_COMPILER_GLOBAL_ACCENT_COLOR_NAME = AccentColor;
				CODE_SIGN_STYLE = Automatic;
				CURRENT_PROJECT_VERSION = 1;
				DEVELOPMENT_ASSET_PATHS = "\"XComics/Preview Content\"";
				DEVELOPMENT_TEAM = GMR2V2YQ3X;
				ENABLE_PREVIEWS = YES;
				GENERATE_INFOPLIST_FILE = YES;
				INFOPLIST_KEY_UIApplicationSceneManifest_Generation = YES;
				INFOPLIST_KEY_UIApplicationSupportsIndirectInputEvents = YES;
				INFOPLIST_KEY_UILaunchScreen_Generation = YES;
				INFOPLIST_KEY_UISupportedInterfaceOrientations_iPad = "UIInterfaceOrientationPortrait UIInterfaceOrientationPortraitUpsideDown UIInterfaceOrientationLandscapeLeft UIInterfaceOrientationLandscapeRight";
				INFOPLIST_KEY_UISupportedInterfaceOrientations_iPhone = "UIInterfaceOrientationPortrait UIInterfaceOrientationLandscapeLeft UIInterfaceOrientationLandscapeRight";
				LD_RUNPATH_SEARCH_PATHS = (
					"$(inherited)",
					"@executable_path/Frameworks",
				);
				MARKETING_VERSION = 1.0;
				PRODUCT_BUNDLE_IDENTIFIER = org.myrvold.XComics;
				PRODUCT_NAME = "$(TARGET_NAME)";
				SWIFT_EMIT_LOC_STRINGS = YES;
				SWIFT_VERSION = 5.0;
				TARGETED_DEVICE_FAMILY = "1,2";
			};
			name = Debug;
		};
		F6AFC5002902DA0900CB6134 /* Release */ = {
			isa = XCBuildConfiguration;
			buildSettings = {
				ASSETCATALOG_COMPILER_APPICON_NAME = AppIcon;
				ASSETCATALOG_COMPILER_GLOBAL_ACCENT_COLOR_NAME = AccentColor;
				CODE_SIGN_STYLE = Automatic;
				CURRENT_PROJECT_VERSION = 1;
				DEVELOPMENT_ASSET_PATHS = "\"XComics/Preview Content\"";
				DEVELOPMENT_TEAM = GMR2V2YQ3X;
				ENABLE_PREVIEWS = YES;
				GENERATE_INFOPLIST_FILE = YES;
				INFOPLIST_KEY_UIApplicationSceneManifest_Generation = YES;
				INFOPLIST_KEY_UIApplicationSupportsIndirectInputEvents = YES;
				INFOPLIST_KEY_UILaunchScreen_Generation = YES;
				INFOPLIST_KEY_UISupportedInterfaceOrientations_iPad = "UIInterfaceOrientationPortrait UIInterfaceOrientationPortraitUpsideDown UIInterfaceOrientationLandscapeLeft UIInterfaceOrientationLandscapeRight";
				INFOPLIST_KEY_UISupportedInterfaceOrientations_iPhone = "UIInterfaceOrientationPortrait UIInterfaceOrientationLandscapeLeft UIInterfaceOrientationLandscapeRight";
				LD_RUNPATH_SEARCH_PATHS = (
					"$(inherited)",
					"@executable_path/Frameworks",
				);
				MARKETING_VERSION = 1.0;
				PRODUCT_BUNDLE_IDENTIFIER = org.myrvold.XComics;
				PRODUCT_NAME = "$(TARGET_NAME)";
				SWIFT_EMIT_LOC_STRINGS = YES;
				SWIFT_VERSION = 5.0;
				TARGETED_DEVICE_FAMILY = "1,2";
			};
			name = Release;
		};
/* End XCBuildConfiguration section */

/* Begin XCConfigurationList section */
		F6AFC4EB2902DA0800CB6134 /* Build configuration list for PBXProject "XComics" */ = {
			isa = XCConfigurationList;
			buildConfigurations = (
				F6AFC4FC2902DA0900CB6134 /* Debug */,
				F6AFC4FD2902DA0900CB6134 /* Release */,
			);
			defaultConfigurationIsVisible = 0;
			defaultConfigurationName = Release;
		};
		F6AFC4FE2902DA0900CB6134 /* Build configuration list for PBXNativeTarget "XComics" */ = {
			isa = XCConfigurationList;
			buildConfigurations = (
				F6AFC4FF2902DA0900CB6134 /* Debug */,
				F6AFC5002902DA0900CB6134 /* Release */,
			);
			defaultConfigurationIsVisible = 0;
			defaultConfigurationName = Release;
		};
/* End XCConfigurationList section */
	};
	rootObject = F6AFC4E82902DA0800CB6134 /* Project object */;
}
